
Microsoft Visual Studio Solution File, Format Version 12.00
# Visual Studio 15
Project("{FAE04EC0-301F-11D3-BF4B-00C04F79EFBC}") = "UnityEngine.UI", "UnityEngine.UI.csproj", "{9153C495-81DD-89E5-1A69-47E9679A15C9}"
EndProject
Project("{FAE04EC0-301F-11D3-BF4B-00C04F79EFBC}") = "Assembly-CSharp", "Assembly-CSharp.csproj", "{3C2E1CEB-150A-DD45-0FA4-20C5F6FDD79C}"
EndProject
Project("{FAE04EC0-301F-11D3-BF4B-00C04F79EFBC}") = "Unity.2D.Sprite.Editor", "Unity.2D.Sprite.Editor.csproj", "{8D4B6D36-E053-824C-BD3E-82F7BB5C64E0}"
EndProject
Project("{FAE04EC0-301F-11D3-BF4B-00C04F79EFBC}") = "UnityEditor.UI", "UnityEditor.UI.csproj", "{96BD43FA-8E00-B740-EDBA-C10B9B17099A}"
EndProject
Project("{FAE04EC0-301F-11D3-BF4B-00C04F79EFBC}") = "Unity.2D.Tilemap.Editor", "Unity.2D.Tilemap.Editor.csproj", "{874D4636-29DC-6934-88D9-0B56C21943FA}"
EndProject
Global
	GlobalSection(SolutionConfigurationPlatforms) = preSolution
		Debug|Any CPU = Debug|Any CPU
		Release|Any CPU = Release|Any CPU
	EndGlobalSection
	GlobalSection(ProjectConfigurationPlatforms) = postSolution
		{9153C495-81DD-89E5-1A69-47E9679A15C9}.Debug|Any CPU.ActiveCfg = Debug|Any CPU
		{9153C495-81DD-89E5-1A69-47E9679A15C9}.Debug|Any CPU.Build.0 = Debug|Any CPU
		{9153C495-81DD-89E5-1A69-47E9679A15C9}.Release|Any CPU.ActiveCfg = Release|Any CPU
		{9153C495-81DD-89E5-1A69-47E9679A15C9}.Release|Any CPU.Build.0 = Release|Any CPU
		{3C2E1CEB-150A-DD45-0FA4-20C5F6FDD79C}.Debug|Any CPU.ActiveCfg = Debug|Any CPU
		{3C2E1CEB-150A-DD45-0FA4-20C5F6FDD79C}.Debug|Any CPU.Build.0 = Debug|Any CPU
		{3C2E1CEB-150A-DD45-0FA4-20C5F6FDD79C}.Release|Any CPU.ActiveCfg = Release|Any CPU
		{3C2E1CEB-150A-DD45-0FA4-20C5F6FDD79C}.Release|Any CPU.Build.0 = Release|Any CPU
		{8D4B6D36-E053-824C-BD3E-82F7BB5C64E0}.Debug|Any CPU.ActiveCfg = Debug|Any CPU
		{8D4B6D36-E053-824C-BD3E-82F7BB5C64E0}.Debug|Any CPU.Build.0 = Debug|Any CPU
		{8D4B6D36-E053-824C-BD3E-82F7BB5C64E0}.Release|Any CPU.ActiveCfg = Release|Any CPU
		{8D4B6D36-E053-824C-BD3E-82F7BB5C64E0}.Release|Any CPU.Build.0 = Release|Any CPU
		{96BD43FA-8E00-B740-EDBA-C10B9B17099A}.Debug|Any CPU.ActiveCfg = Debug|Any CPU
		{96BD43FA-8E00-B740-EDBA-C10B9B17099A}.Debug|Any CPU.Build.0 = Debug|Any CPU
		{96BD43FA-8E00-B740-EDBA-C10B9B17099A}.Release|Any CPU.ActiveCfg = Release|Any CPU
		{96BD43FA-8E00-B740-EDBA-C10B9B17099A}.Release|Any CPU.Build.0 = Release|Any CPU
		{874D4636-29DC-6934-88D9-0B56C21943FA}.Debug|Any CPU.ActiveCfg = Debug|Any CPU
		{874D4636-29DC-6934-88D9-0B56C21943FA}.Debug|Any CPU.Build.0 = Debug|Any CPU
		{874D4636-29DC-6934-88D9-0B56C21943FA}.Release|Any CPU.ActiveCfg = Release|Any CPU
		{874D4636-29DC-6934-88D9-0B56C21943FA}.Release|Any CPU.Build.0 = Release|Any CPU
	EndGlobalSection
	GlobalSection(SolutionProperties) = preSolution
		HideSolutionNode = FALSE
	EndGlobalSection
EndGlobal
